// !$*UTF8*$!
{
	archiveVersion = 1;
	classes = {
	};
	objectVersion = 51;
	objects = {

/* Begin PBXBuildFile section */
		333F642BE91E04F5425915F9 /* Pods_PixaBayAppTests.framework in Frameworks */ = {isa = PBXBuildFile; fileRef = DE0BBD9C3C7C410CB9E8C6E0 /* Pods_PixaBayAppTests.framework */; };
		3C0B092D2454339600DC8BD4 /* AppDelegate.swift in Sources */ = {isa = PBXBuildFile; fileRef = 3C0B092C2454339600DC8BD4 /* AppDelegate.swift */; };
		3C0B092F2454339600DC8BD4 /* SceneDelegate.swift in Sources */ = {isa = PBXBuildFile; fileRef = 3C0B092E2454339600DC8BD4 /* SceneDelegate.swift */; };
		3C0B09312454339600DC8BD4 /* ViewController.swift in Sources */ = {isa = PBXBuildFile; fileRef = 3C0B09302454339600DC8BD4 /* ViewController.swift */; };
		3C0B09342454339600DC8BD4 /* Main.storyboard in Resources */ = {isa = PBXBuildFile; fileRef = 3C0B09322454339600DC8BD4 /* Main.storyboard */; };
		3C0B09362454339700DC8BD4 /* Assets.xcassets in Resources */ = {isa = PBXBuildFile; fileRef = 3C0B09352454339700DC8BD4 /* Assets.xcassets */; };
		3C0B09392454339700DC8BD4 /* LaunchScreen.storyboard in Resources */ = {isa = PBXBuildFile; fileRef = 3C0B09372454339700DC8BD4 /* LaunchScreen.storyboard */; };
		3C0B09442454339700DC8BD4 /* PixaBayAppTests.swift in Sources */ = {isa = PBXBuildFile; fileRef = 3C0B09432454339700DC8BD4 /* PixaBayAppTests.swift */; };
		3C0B096D245437D300DC8BD4 /* NetworkClientMock.swift in Sources */ = {isa = PBXBuildFile; fileRef = 3C0B096C245437D300DC8BD4 /* NetworkClientMock.swift */; };
		3C0B0970245437FE00DC8BD4 /* NetworkClientAdapter.swift in Sources */ = {isa = PBXBuildFile; fileRef = 3C0B096E245437FE00DC8BD4 /* NetworkClientAdapter.swift */; };
		3C0B0971245437FE00DC8BD4 /* NetworkClient.swift in Sources */ = {isa = PBXBuildFile; fileRef = 3C0B096F245437FE00DC8BD4 /* NetworkClient.swift */; };
		3C0B09732454380A00DC8BD4 /* CollectionViewLayout.swift in Sources */ = {isa = PBXBuildFile; fileRef = 3C0B09722454380A00DC8BD4 /* CollectionViewLayout.swift */; };
		3C0B09752454381B00DC8BD4 /* PhotoCellModel.swift in Sources */ = {isa = PBXBuildFile; fileRef = 3C0B09742454381B00DC8BD4 /* PhotoCellModel.swift */; };
		3C0B09772454382400DC8BD4 /* Photos.plist in Resources */ = {isa = PBXBuildFile; fileRef = 3C0B09762454382400DC8BD4 /* Photos.plist */; };
		3C0B09792454383300DC8BD4 /* PhotoCell.swift in Sources */ = {isa = PBXBuildFile; fileRef = 3C0B09782454383300DC8BD4 /* PhotoCell.swift */; };
		3C0B097B24543D6A00DC8BD4 /* act.swift in Sources */ = {isa = PBXBuildFile; fileRef = 3C0B097A24543D6A00DC8BD4 /* act.swift */; };
		3C0B097D2454452900DC8BD4 /* ResponseModel+Stub.swift in Sources */ = {isa = PBXBuildFile; fileRef = 3C0B097C2454452900DC8BD4 /* ResponseModel+Stub.swift */; };
		3C0B09802454465A00DC8BD4 /* Apple.json in Resources */ = {isa = PBXBuildFile; fileRef = 3C0B097F2454465A00DC8BD4 /* Apple.json */; };
		3C0B09822454468000DC8BD4 /* ViewController+Stub.swift in Sources */ = {isa = PBXBuildFile; fileRef = 3C0B09812454468000DC8BD4 /* ViewController+Stub.swift */; };
		3C0B098424544B8A00DC8BD4 /* JSONHelper.swift in Sources */ = {isa = PBXBuildFile; fileRef = 3C0B098324544B8A00DC8BD4 /* JSONHelper.swift */; };
		3C0B098624544D7D00DC8BD4 /* ViewControlerLifeCycle.swift in Sources */ = {isa = PBXBuildFile; fileRef = 3C0B098524544D7D00DC8BD4 /* ViewControlerLifeCycle.swift */; };
		3C0B098824544F8E00DC8BD4 /* Constants.swift in Sources */ = {isa = PBXBuildFile; fileRef = 3C0B098724544F8E00DC8BD4 /* Constants.swift */; };
		3C0B098B24544FD100DC8BD4 /* ViewControllerTests.swift in Sources */ = {isa = PBXBuildFile; fileRef = 3C0B098A24544FD100DC8BD4 /* ViewControllerTests.swift */; };
		3C0B098C2454554A00DC8BD4 /* Apple.json in Resources */ = {isa = PBXBuildFile; fileRef = 3C0B097F2454465A00DC8BD4 /* Apple.json */; };
		E1A8AF0AF0391A713125CCAE /* Pods_PixaBayApp.framework in Frameworks */ = {isa = PBXBuildFile; fileRef = 0C97E77B1F38B8708BD1A74C /* Pods_PixaBayApp.framework */; };
/* End PBXBuildFile section */

/* Begin PBXContainerItemProxy section */
		3C0B09402454339700DC8BD4 /* PBXContainerItemProxy */ = {
			isa = PBXContainerItemProxy;
			containerPortal = 3C0B09212454339600DC8BD4 /* Project object */;
			proxyType = 1;
			remoteGlobalIDString = 3C0B09282454339600DC8BD4;
			remoteInfo = PixaBayApp;
		};
/* End PBXContainerItemProxy section */

/* Begin PBXFileReference section */
		0AB46EFFFE08B98602F92151 /* Pods-PixaBayApp.debug.xcconfig */ = {isa = PBXFileReference; includeInIndex = 1; lastKnownFileType = text.xcconfig; name = "Pods-PixaBayApp.debug.xcconfig"; path = "Target Support Files/Pods-PixaBayApp/Pods-PixaBayApp.debug.xcconfig"; sourceTree = "<group>"; };
		0C97E77B1F38B8708BD1A74C /* Pods_PixaBayApp.framework */ = {isa = PBXFileReference; explicitFileType = wrapper.framework; includeInIndex = 0; path = Pods_PixaBayApp.framework; sourceTree = BUILT_PRODUCTS_DIR; };
		1EEAE18D538694223BB52A92 /* Pods-PixaBayApp.release.xcconfig */ = {isa = PBXFileReference; includeInIndex = 1; lastKnownFileType = text.xcconfig; name = "Pods-PixaBayApp.release.xcconfig"; path = "Target Support Files/Pods-PixaBayApp/Pods-PixaBayApp.release.xcconfig"; sourceTree = "<group>"; };
		218100BECE844D0936EA5275 /* Pods-PixaBayAppTests.release.xcconfig */ = {isa = PBXFileReference; includeInIndex = 1; lastKnownFileType = text.xcconfig; name = "Pods-PixaBayAppTests.release.xcconfig"; path = "Target Support Files/Pods-PixaBayAppTests/Pods-PixaBayAppTests.release.xcconfig"; sourceTree = "<group>"; };
		3C0B09292454339600DC8BD4 /* PixaBayApp.app */ = {isa = PBXFileReference; explicitFileType = wrapper.application; includeInIndex = 0; path = PixaBayApp.app; sourceTree = BUILT_PRODUCTS_DIR; };
		3C0B092C2454339600DC8BD4 /* AppDelegate.swift */ = {isa = PBXFileReference; lastKnownFileType = sourcecode.swift; path = AppDelegate.swift; sourceTree = "<group>"; };
		3C0B092E2454339600DC8BD4 /* SceneDelegate.swift */ = {isa = PBXFileReference; lastKnownFileType = sourcecode.swift; path = SceneDelegate.swift; sourceTree = "<group>"; };
		3C0B09302454339600DC8BD4 /* ViewController.swift */ = {isa = PBXFileReference; lastKnownFileType = sourcecode.swift; path = ViewController.swift; sourceTree = "<group>"; };
		3C0B09332454339600DC8BD4 /* Base */ = {isa = PBXFileReference; lastKnownFileType = file.storyboard; name = Base; path = Base.lproj/Main.storyboard; sourceTree = "<group>"; };
		3C0B09352454339700DC8BD4 /* Assets.xcassets */ = {isa = PBXFileReference; lastKnownFileType = folder.assetcatalog; path = Assets.xcassets; sourceTree = "<group>"; };
		3C0B09382454339700DC8BD4 /* Base */ = {isa = PBXFileReference; lastKnownFileType = file.storyboard; name = Base; path = Base.lproj/LaunchScreen.storyboard; sourceTree = "<group>"; };
		3C0B093A2454339700DC8BD4 /* Info.plist */ = {isa = PBXFileReference; lastKnownFileType = text.plist.xml; path = Info.plist; sourceTree = "<group>"; };
		3C0B093F2454339700DC8BD4 /* PixaBayAppTests.xctest */ = {isa = PBXFileReference; explicitFileType = wrapper.cfbundle; includeInIndex = 0; path = PixaBayAppTests.xctest; sourceTree = BUILT_PRODUCTS_DIR; };
		3C0B09432454339700DC8BD4 /* PixaBayAppTests.swift */ = {isa = PBXFileReference; lastKnownFileType = sourcecode.swift; path = PixaBayAppTests.swift; sourceTree = "<group>"; };
		3C0B09452454339700DC8BD4 /* Info.plist */ = {isa = PBXFileReference; lastKnownFileType = text.plist.xml; path = Info.plist; sourceTree = "<group>"; };
		3C0B096C245437D300DC8BD4 /* NetworkClientMock.swift */ = {isa = PBXFileReference; fileEncoding = 4; lastKnownFileType = sourcecode.swift; name = NetworkClientMock.swift; path = Mocks/NetworkClientMock.swift; sourceTree = "<group>"; };
		3C0B096E245437FE00DC8BD4 /* NetworkClientAdapter.swift */ = {isa = PBXFileReference; fileEncoding = 4; lastKnownFileType = sourcecode.swift; name = NetworkClientAdapter.swift; path = Adapter/NetworkClientAdapter.swift; sourceTree = "<group>"; };
		3C0B096F245437FE00DC8BD4 /* NetworkClient.swift */ = {isa = PBXFileReference; fileEncoding = 4; lastKnownFileType = sourcecode.swift; name = NetworkClient.swift; path = Adapter/NetworkClient.swift; sourceTree = "<group>"; };
		3C0B09722454380A00DC8BD4 /* CollectionViewLayout.swift */ = {isa = PBXFileReference; fileEncoding = 4; lastKnownFileType = sourcecode.swift; name = CollectionViewLayout.swift; path = Layout/CollectionViewLayout.swift; sourceTree = "<group>"; };
		3C0B09742454381B00DC8BD4 /* PhotoCellModel.swift */ = {isa = PBXFileReference; fileEncoding = 4; lastKnownFileType = sourcecode.swift; name = PhotoCellModel.swift; path = Model/PhotoCellModel.swift; sourceTree = "<group>"; };
		3C0B09762454382400DC8BD4 /* Photos.plist */ = {isa = PBXFileReference; fileEncoding = 4; lastKnownFileType = text.plist.xml; path = Photos.plist; sourceTree = "<group>"; };
		3C0B09782454383300DC8BD4 /* PhotoCell.swift */ = {isa = PBXFileReference; fileEncoding = 4; lastKnownFileType = sourcecode.swift; name = PhotoCell.swift; path = View/PhotoCell.swift; sourceTree = "<group>"; };
		3C0B097A24543D6A00DC8BD4 /* act.swift */ = {isa = PBXFileReference; lastKnownFileType = sourcecode.swift; path = act.swift; sourceTree = "<group>"; };
		3C0B097C2454452900DC8BD4 /* ResponseModel+Stub.swift */ = {isa = PBXFileReference; lastKnownFileType = sourcecode.swift; path = "ResponseModel+Stub.swift"; sourceTree = "<group>"; };
		3C0B097F2454465A00DC8BD4 /* Apple.json */ = {isa = PBXFileReference; fileEncoding = 4; lastKnownFileType = text.json; path = Apple.json; sourceTree = "<group>"; };
		3C0B09812454468000DC8BD4 /* ViewController+Stub.swift */ = {isa = PBXFileReference; lastKnownFileType = sourcecode.swift; path = "ViewController+Stub.swift"; sourceTree = "<group>"; };
		3C0B098324544B8A00DC8BD4 /* JSONHelper.swift */ = {isa = PBXFileReference; fileEncoding = 4; lastKnownFileType = sourcecode.swift; path = JSONHelper.swift; sourceTree = "<group>"; };
		3C0B098524544D7D00DC8BD4 /* ViewControlerLifeCycle.swift */ = {isa = PBXFileReference; lastKnownFileType = sourcecode.swift; path = ViewControlerLifeCycle.swift; sourceTree = "<group>"; };
		3C0B098724544F8E00DC8BD4 /* Constants.swift */ = {isa = PBXFileReference; lastKnownFileType = sourcecode.swift; path = Constants.swift; sourceTree = "<group>"; };
		3C0B098A24544FD100DC8BD4 /* ViewControllerTests.swift */ = {isa = PBXFileReference; lastKnownFileType = sourcecode.swift; path = ViewControllerTests.swift; sourceTree = "<group>"; };
		A2971294568B9207D20C54E8 /* Pods-PixaBayAppTests.debug.xcconfig */ = {isa = PBXFileReference; includeInIndex = 1; lastKnownFileType = text.xcconfig; name = "Pods-PixaBayAppTests.debug.xcconfig"; path = "Target Support Files/Pods-PixaBayAppTests/Pods-PixaBayAppTests.debug.xcconfig"; sourceTree = "<group>"; };
		DE0BBD9C3C7C410CB9E8C6E0 /* Pods_PixaBayAppTests.framework */ = {isa = PBXFileReference; explicitFileType = wrapper.framework; includeInIndex = 0; path = Pods_PixaBayAppTests.framework; sourceTree = BUILT_PRODUCTS_DIR; };
/* End PBXFileReference section */

/* Begin PBXFrameworksBuildPhase section */
		3C0B09262454339600DC8BD4 /* Frameworks */ = {
			isa = PBXFrameworksBuildPhase;
			buildActionMask = 2147483647;
			files = (
				E1A8AF0AF0391A713125CCAE /* Pods_PixaBayApp.framework in Frameworks */,
			);
			runOnlyForDeploymentPostprocessing = 0;
		};
		3C0B093C2454339700DC8BD4 /* Frameworks */ = {
			isa = PBXFrameworksBuildPhase;
			buildActionMask = 2147483647;
			files = (
				333F642BE91E04F5425915F9 /* Pods_PixaBayAppTests.framework in Frameworks */,
			);
			runOnlyForDeploymentPostprocessing = 0;
		};
/* End PBXFrameworksBuildPhase section */

/* Begin PBXGroup section */
		2BDE05423675E46774E5DB75 /* Frameworks */ = {
			isa = PBXGroup;
			children = (
				0C97E77B1F38B8708BD1A74C /* Pods_PixaBayApp.framework */,
				DE0BBD9C3C7C410CB9E8C6E0 /* Pods_PixaBayAppTests.framework */,
			);
			name = Frameworks;
			sourceTree = "<group>";
		};
		3C0B09202454339600DC8BD4 = {
			isa = PBXGroup;
			children = (
				3C0B092B2454339600DC8BD4 /* PixaBayApp */,
				3C0B09422454339700DC8BD4 /* PixaBayAppTests */,
				3C0B092A2454339600DC8BD4 /* Products */,
				4BCCA3FE65FDF5F1AE51EBF9 /* Pods */,
				2BDE05423675E46774E5DB75 /* Frameworks */,
			);
			sourceTree = "<group>";
		};
		3C0B092A2454339600DC8BD4 /* Products */ = {
			isa = PBXGroup;
			children = (
				3C0B09292454339600DC8BD4 /* PixaBayApp.app */,
				3C0B093F2454339700DC8BD4 /* PixaBayAppTests.xctest */,
			);
			name = Products;
			sourceTree = "<group>";
		};
		3C0B092B2454339600DC8BD4 /* PixaBayApp */ = {
			isa = PBXGroup;
			children = (
				3C0B096F245437FE00DC8BD4 /* NetworkClient.swift */,
				3C0B096E245437FE00DC8BD4 /* NetworkClientAdapter.swift */,
				3C0B09722454380A00DC8BD4 /* CollectionViewLayout.swift */,
				3C0B09742454381B00DC8BD4 /* PhotoCellModel.swift */,
				3C0B092C2454339600DC8BD4 /* AppDelegate.swift */,
				3C0B092E2454339600DC8BD4 /* SceneDelegate.swift */,
				3C0B09302454339600DC8BD4 /* ViewController.swift */,
				3C0B09782454383300DC8BD4 /* PhotoCell.swift */,
				3C0B09322454339600DC8BD4 /* Main.storyboard */,
				3C0B09762454382400DC8BD4 /* Photos.plist */,
				3C0B09352454339700DC8BD4 /* Assets.xcassets */,
				3C0B09372454339700DC8BD4 /* LaunchScreen.storyboard */,
				3C0B093A2454339700DC8BD4 /* Info.plist */,
				3C0B097A24543D6A00DC8BD4 /* act.swift */,
				3C0B098724544F8E00DC8BD4 /* Constants.swift */,
			);
			path = PixaBayApp;
			sourceTree = "<group>";
		};
		3C0B09422454339700DC8BD4 /* PixaBayAppTests */ = {
			isa = PBXGroup;
			children = (
				3C0B098324544B8A00DC8BD4 /* JSONHelper.swift */,
				3C0B097F2454465A00DC8BD4 /* Apple.json */,
				3C0B096C245437D300DC8BD4 /* NetworkClientMock.swift */,
				3C0B09432454339700DC8BD4 /* PixaBayAppTests.swift */,
				3C0B09452454339700DC8BD4 /* Info.plist */,
				3C0B097C2454452900DC8BD4 /* ResponseModel+Stub.swift */,
				3C0B09812454468000DC8BD4 /* ViewController+Stub.swift */,
				3C0B098524544D7D00DC8BD4 /* ViewControlerLifeCycle.swift */,
				3C0B098A24544FD100DC8BD4 /* ViewControllerTests.swift */,
			);
			path = PixaBayAppTests;
			sourceTree = "<group>";
		};
		4BCCA3FE65FDF5F1AE51EBF9 /* Pods */ = {
			isa = PBXGroup;
			children = (
				0AB46EFFFE08B98602F92151 /* Pods-PixaBayApp.debug.xcconfig */,
				1EEAE18D538694223BB52A92 /* Pods-PixaBayApp.release.xcconfig */,
				A2971294568B9207D20C54E8 /* Pods-PixaBayAppTests.debug.xcconfig */,
				218100BECE844D0936EA5275 /* Pods-PixaBayAppTests.release.xcconfig */,
			);
			path = Pods;
			sourceTree = "<group>";
		};
/* End PBXGroup section */

/* Begin PBXNativeTarget section */
		3C0B09282454339600DC8BD4 /* PixaBayApp */ = {
			isa = PBXNativeTarget;
			buildConfigurationList = 3C0B09482454339700DC8BD4 /* Build configuration list for PBXNativeTarget "PixaBayApp" */;
			buildPhases = (
				1BE663287DC8401E36992D19 /* [CP] Check Pods Manifest.lock */,
				3C0B09252454339600DC8BD4 /* Sources */,
				3C0B09262454339600DC8BD4 /* Frameworks */,
				3C0B09272454339600DC8BD4 /* Resources */,
			);
			buildRules = (
			);
			dependencies = (
			);
			name = PixaBayApp;
			productName = PixaBayApp;
			productReference = 3C0B09292454339600DC8BD4 /* PixaBayApp.app */;
			productType = "com.apple.product-type.application";
		};
		3C0B093E2454339700DC8BD4 /* PixaBayAppTests */ = {
			isa = PBXNativeTarget;
			buildConfigurationList = 3C0B094B2454339700DC8BD4 /* Build configuration list for PBXNativeTarget "PixaBayAppTests" */;
			buildPhases = (
				210B8B1341D034CFCC4F0E95 /* [CP] Check Pods Manifest.lock */,
				3C0B093B2454339700DC8BD4 /* Sources */,
				3C0B093C2454339700DC8BD4 /* Frameworks */,
				3C0B093D2454339700DC8BD4 /* Resources */,
				BD8BED9F62DE12411496E76E /* [CP] Embed Pods Frameworks */,
			);
			buildRules = (
			);
			dependencies = (
				3C0B09412454339700DC8BD4 /* PBXTargetDependency */,
			);
			name = PixaBayAppTests;
			productName = PixaBayAppTests;
			productReference = 3C0B093F2454339700DC8BD4 /* PixaBayAppTests.xctest */;
			productType = "com.apple.product-type.bundle.unit-test";
		};
/* End PBXNativeTarget section */

/* Begin PBXProject section */
		3C0B09212454339600DC8BD4 /* Project object */ = {
			isa = PBXProject;
			attributes = {
				LastSwiftUpdateCheck = 1130;
				LastUpgradeCheck = 1130;
				ORGANIZATIONNAME = "Prateek Dasari";
				TargetAttributes = {
					3C0B09282454339600DC8BD4 = {
						CreatedOnToolsVersion = 11.3.1;
					};
					3C0B093E2454339700DC8BD4 = {
						CreatedOnToolsVersion = 11.3.1;
						TestTargetID = 3C0B09282454339600DC8BD4;
					};
				};
			};
			buildConfigurationList = 3C0B09242454339600DC8BD4 /* Build configuration list for PBXProject "PixaBayApp" */;
			compatibilityVersion = "Xcode 9.3";
			developmentRegion = en;
			hasScannedForEncodings = 0;
			knownRegions = (
				en,
				Base,
			);
			mainGroup = 3C0B09202454339600DC8BD4;
			productRefGroup = 3C0B092A2454339600DC8BD4 /* Products */;
			projectDirPath = "";
			projectRoot = "";
			targets = (
				3C0B09282454339600DC8BD4 /* PixaBayApp */,
				3C0B093E2454339700DC8BD4 /* PixaBayAppTests */,
			);
		};
/* End PBXProject section */

/* Begin PBXResourcesBuildPhase section */
		3C0B09272454339600DC8BD4 /* Resources */ = {
			isa = PBXResourcesBuildPhase;
			buildActionMask = 2147483647;
			files = (
				3C0B09392454339700DC8BD4 /* LaunchScreen.storyboard in Resources */,
				3C0B09362454339700DC8BD4 /* Assets.xcassets in Resources */,
				3C0B098C2454554A00DC8BD4 /* Apple.json in Resources */,
				3C0B09342454339600DC8BD4 /* Main.storyboard in Resources */,
				3C0B09772454382400DC8BD4 /* Photos.plist in Resources */,
			);
			runOnlyForDeploymentPostprocessing = 0;
		};
		3C0B093D2454339700DC8BD4 /* Resources */ = {
			isa = PBXResourcesBuildPhase;
			buildActionMask = 2147483647;
			files = (
				3C0B09802454465A00DC8BD4 /* Apple.json in Resources */,
			);
			runOnlyForDeploymentPostprocessing = 0;
		};
/* End PBXResourcesBuildPhase section */

/* Begin PBXShellScriptBuildPhase section */
		1BE663287DC8401E36992D19 /* [CP] Check Pods Manifest.lock */ = {
			isa = PBXShellScriptBuildPhase;
			buildActionMask = 2147483647;
			files = (
			);
			inputFileListPaths = (
			);
			inputPaths = (
				"${PODS_PODFILE_DIR_PATH}/Podfile.lock",
				"${PODS_ROOT}/Manifest.lock",
			);
			name = "[CP] Check Pods Manifest.lock";
			outputFileListPaths = (
			);
			outputPaths = (
				"$(DERIVED_FILE_DIR)/Pods-PixaBayApp-checkManifestLockResult.txt",
			);
			runOnlyForDeploymentPostprocessing = 0;
			shellPath = /bin/sh;
			shellScript = "diff \"${PODS_PODFILE_DIR_PATH}/Podfile.lock\" \"${PODS_ROOT}/Manifest.lock\" > /dev/null\nif [ $? != 0 ] ; then\n    # print error to STDERR\n    echo \"error: The sandbox is not in sync with the Podfile.lock. Run 'pod install' or update your CocoaPods installation.\" >&2\n    exit 1\nfi\n# This output is used by Xcode 'outputs' to avoid re-running this script phase.\necho \"SUCCESS\" > \"${SCRIPT_OUTPUT_FILE_0}\"\n";
			showEnvVarsInLog = 0;
		};
		210B8B1341D034CFCC4F0E95 /* [CP] Check Pods Manifest.lock */ = {
			isa = PBXShellScriptBuildPhase;
			buildActionMask = 2147483647;
			files = (
			);
			inputFileListPaths = (
			);
			inputPaths = (
				"${PODS_PODFILE_DIR_PATH}/Podfile.lock",
				"${PODS_ROOT}/Manifest.lock",
			);
			name = "[CP] Check Pods Manifest.lock";
			outputFileListPaths = (
			);
			outputPaths = (
				"$(DERIVED_FILE_DIR)/Pods-PixaBayAppTests-checkManifestLockResult.txt",
			);
			runOnlyForDeploymentPostprocessing = 0;
			shellPath = /bin/sh;
			shellScript = "diff \"${PODS_PODFILE_DIR_PATH}/Podfile.lock\" \"${PODS_ROOT}/Manifest.lock\" > /dev/null\nif [ $? != 0 ] ; then\n    # print error to STDERR\n    echo \"error: The sandbox is not in sync with the Podfile.lock. Run 'pod install' or update your CocoaPods installation.\" >&2\n    exit 1\nfi\n# This output is used by Xcode 'outputs' to avoid re-running this script phase.\necho \"SUCCESS\" > \"${SCRIPT_OUTPUT_FILE_0}\"\n";
			showEnvVarsInLog = 0;
		};
		BD8BED9F62DE12411496E76E /* [CP] Embed Pods Frameworks */ = {
			isa = PBXShellScriptBuildPhase;
			buildActionMask = 2147483647;
			files = (
			);
			inputFileListPaths = (
				"${PODS_ROOT}/Target Support Files/Pods-PixaBayAppTests/Pods-PixaBayAppTests-frameworks-${CONFIGURATION}-input-files.xcfilelist",
			);
			name = "[CP] Embed Pods Frameworks";
			outputFileListPaths = (
				"${PODS_ROOT}/Target Support Files/Pods-PixaBayAppTests/Pods-PixaBayAppTests-frameworks-${CONFIGURATION}-output-files.xcfilelist",
			);
			runOnlyForDeploymentPostprocessing = 0;
			shellPath = /bin/sh;
			shellScript = "\"${PODS_ROOT}/Target Support Files/Pods-PixaBayAppTests/Pods-PixaBayAppTests-frameworks.sh\"\n";
			showEnvVarsInLog = 0;
		};
/* End PBXShellScriptBuildPhase section */

/* Begin PBXSourcesBuildPhase section */
		3C0B09252454339600DC8BD4 /* Sources */ = {
			isa = PBXSourcesBuildPhase;
			buildActionMask = 2147483647;
			files = (
				3C0B09732454380A00DC8BD4 /* CollectionViewLayout.swift in Sources */,
				3C0B09312454339600DC8BD4 /* ViewController.swift in Sources */,
				3C0B097B24543D6A00DC8BD4 /* act.swift in Sources */,
				3C0B09752454381B00DC8BD4 /* PhotoCellModel.swift in Sources */,
				3C0B0971245437FE00DC8BD4 /* NetworkClient.swift in Sources */,
				3C0B098824544F8E00DC8BD4 /* Constants.swift in Sources */,
				3C0B09792454383300DC8BD4 /* PhotoCell.swift in Sources */,
				3C0B092D2454339600DC8BD4 /* AppDelegate.swift in Sources */,
				3C0B092F2454339600DC8BD4 /* SceneDelegate.swift in Sources */,
				3C0B0970245437FE00DC8BD4 /* NetworkClientAdapter.swift in Sources */,
			);
			runOnlyForDeploymentPostprocessing = 0;
		};
		3C0B093B2454339700DC8BD4 /* Sources */ = {
			isa = PBXSourcesBuildPhase;
			buildActionMask = 2147483647;
			files = (
				3C0B09442454339700DC8BD4 /* PixaBayAppTests.swift in Sources */,
				3C0B097D2454452900DC8BD4 /* ResponseModel+Stub.swift in Sources */,
				3C0B096D245437D300DC8BD4 /* NetworkClientMock.swift in Sources */,
				3C0B098624544D7D00DC8BD4 /* ViewControlerLifeCycle.swift in Sources */,
				3C0B098424544B8A00DC8BD4 /* JSONHelper.swift in Sources */,
				3C0B098B24544FD100DC8BD4 /* ViewControllerTests.swift in Sources */,
				3C0B09822454468000DC8BD4 /* ViewController+Stub.swift in Sources */,
			);
			runOnlyForDeploymentPostprocessing = 0;
		};
/* End PBXSourcesBuildPhase section */

/* Begin PBXTargetDependency section */
		3C0B09412454339700DC8BD4 /* PBXTargetDependency */ = {
			isa = PBXTargetDependency;
			target = 3C0B09282454339600DC8BD4 /* PixaBayApp */;
			targetProxy = 3C0B09402454339700DC8BD4 /* PBXContainerItemProxy */;
		};
/* End PBXTargetDependency section */

/* Begin PBXVariantGroup section */
		3C0B09322454339600DC8BD4 /* Main.storyboard */ = {
			isa = PBXVariantGroup;
			children = (
				3C0B09332454339600DC8BD4 /* Base */,
			);
			name = Main.storyboard;
			sourceTree = "<group>";
		};
		3C0B09372454339700DC8BD4 /* LaunchScreen.storyboard */ = {
			isa = PBXVariantGroup;
			children = (
				3C0B09382454339700DC8BD4 /* Base */,
			);
			name = LaunchScreen.storyboard;
			sourceTree = "<group>";
		};
/* End PBXVariantGroup section */

/* Begin XCBuildConfiguration section */
		3C0B09462454339700DC8BD4 /* Debug */ = {
			isa = XCBuildConfiguration;
			buildSettings = {
				ALWAYS_SEARCH_USER_PATHS = NO;
				CLANG_ANALYZER_NONNULL = YES;
				CLANG_ANALYZER_NUMBER_OBJECT_CONVERSION = YES_AGGRESSIVE;
				CLANG_CXX_LANGUAGE_STANDARD = "gnu++14";
				CLANG_CXX_LIBRARY = "libc++";
				CLANG_ENABLE_MODULES = YES;
				CLANG_ENABLE_OBJC_ARC = YES;
				CLANG_ENABLE_OBJC_WEAK = YES;
				CLANG_WARN_BLOCK_CAPTURE_AUTORELEASING = YES;
				CLANG_WARN_BOOL_CONVERSION = YES;
				CLANG_WARN_COMMA = YES;
				CLANG_WARN_CONSTANT_CONVERSION = YES;
				CLANG_WARN_DEPRECATED_OBJC_IMPLEMENTATIONS = YES;
				CLANG_WARN_DIRECT_OBJC_ISA_USAGE = YES_ERROR;
				CLANG_WARN_DOCUMENTATION_COMMENTS = YES;
				CLANG_WARN_EMPTY_BODY = YES;
				CLANG_WARN_ENUM_CONVERSION = YES;
				CLANG_WARN_INFINITE_RECURSION = YES;
				CLANG_WARN_INT_CONVERSION = YES;
				CLANG_WARN_NON_LITERAL_NULL_CONVERSION = YES;
				CLANG_WARN_OBJC_IMPLICIT_RETAIN_SELF = YES;
				CLANG_WARN_OBJC_LITERAL_CONVERSION = YES;
				CLANG_WARN_OBJC_ROOT_CLASS = YES_ERROR;
				CLANG_WARN_RANGE_LOOP_ANALYSIS = YES;
				CLANG_WARN_STRICT_PROTOTYPES = YES;
				CLANG_WARN_SUSPICIOUS_MOVE = YES;
				CLANG_WARN_UNGUARDED_AVAILABILITY = YES_AGGRESSIVE;
				CLANG_WARN_UNREACHABLE_CODE = YES;
				CLANG_WARN__DUPLICATE_METHOD_MATCH = YES;
				COPY_PHASE_STRIP = NO;
				DEBUG_INFORMATION_FORMAT = dwarf;
				ENABLE_STRICT_OBJC_MSGSEND = YES;
				ENABLE_TESTABILITY = YES;
				GCC_C_LANGUAGE_STANDARD = gnu11;
				GCC_DYNAMIC_NO_PIC = NO;
				GCC_NO_COMMON_BLOCKS = YES;
				GCC_OPTIMIZATION_LEVEL = 0;
				GCC_PREPROCESSOR_DEFINITIONS = (
					"DEBUG=1",
					"$(inherited)",
				);
				GCC_WARN_64_TO_32_BIT_CONVERSION = YES;
				GCC_WARN_ABOUT_RETURN_TYPE = YES_ERROR;
				GCC_WARN_UNDECLARED_SELECTOR = YES;
				GCC_WARN_UNINITIALIZED_AUTOS = YES_AGGRESSIVE;
				GCC_WARN_UNUSED_FUNCTION = YES;
				GCC_WARN_UNUSED_VARIABLE = YES;
				IPHONEOS_DEPLOYMENT_TARGET = 13.2;
				MTL_ENABLE_DEBUG_INFO = INCLUDE_SOURCE;
				MTL_FAST_MATH = YES;
				ONLY_ACTIVE_ARCH = YES;
				SDKROOT = iphoneos;
				SWIFT_ACTIVE_COMPILATION_CONDITIONS = DEBUG;
				SWIFT_OPTIMIZATION_LEVEL = "-Onone";
			};
			name = Debug;
		};
		3C0B09472454339700DC8BD4 /* Release */ = {
			isa = XCBuildConfiguration;
			buildSettings = {
				ALWAYS_SEARCH_USER_PATHS = NO;
				CLANG_ANALYZER_NONNULL = YES;
				CLANG_ANALYZER_NUMBER_OBJECT_CONVERSION = YES_AGGRESSIVE;
				CLANG_CXX_LANGUAGE_STANDARD = "gnu++14";
				CLANG_CXX_LIBRARY = "libc++";
				CLANG_ENABLE_MODULES = YES;
				CLANG_ENABLE_OBJC_ARC = YES;
				CLANG_ENABLE_OBJC_WEAK = YES;
				CLANG_WARN_BLOCK_CAPTURE_AUTORELEASING = YES;
				CLANG_WARN_BOOL_CONVERSION = YES;
				CLANG_WARN_COMMA = YES;
				CLANG_WARN_CONSTANT_CONVERSION = YES;
				CLANG_WARN_DEPRECATED_OBJC_IMPLEMENTATIONS = YES;
				CLANG_WARN_DIRECT_OBJC_ISA_USAGE = YES_ERROR;
				CLANG_WARN_DOCUMENTATION_COMMENTS = YES;
				CLANG_WARN_EMPTY_BODY = YES;
				CLANG_WARN_ENUM_CONVERSION = YES;
				CLANG_WARN_INFINITE_RECURSION = YES;
				CLANG_WARN_INT_CONVERSION = YES;
				CLANG_WARN_NON_LITERAL_NULL_CONVERSION = YES;
				CLANG_WARN_OBJC_IMPLICIT_RETAIN_SELF = YES;
				CLANG_WARN_OBJC_LITERAL_CONVERSION = YES;
				CLANG_WARN_OBJC_ROOT_CLASS = YES_ERROR;
				CLANG_WARN_RANGE_LOOP_ANALYSIS = YES;
				CLANG_WARN_STRICT_PROTOTYPES = YES;
				CLANG_WARN_SUSPICIOUS_MOVE = YES;
				CLANG_WARN_UNGUARDED_AVAILABILITY = YES_AGGRESSIVE;
				CLANG_WARN_UNREACHABLE_CODE = YES;
				CLANG_WARN__DUPLICATE_METHOD_MATCH = YES;
				COPY_PHASE_STRIP = NO;
				DEBUG_INFORMATION_FORMAT = "dwarf-with-dsym";
				ENABLE_NS_ASSERTIONS = NO;
				ENABLE_STRICT_OBJC_MSGSEND = YES;
				GCC_C_LANGUAGE_STANDARD = gnu11;
				GCC_NO_COMMON_BLOCKS = YES;
				GCC_WARN_64_TO_32_BIT_CONVERSION = YES;
				GCC_WARN_ABOUT_RETURN_TYPE = YES_ERROR;
				GCC_WARN_UNDECLARED_SELECTOR = YES;
				GCC_WARN_UNINITIALIZED_AUTOS = YES_AGGRESSIVE;
				GCC_WARN_UNUSED_FUNCTION = YES;
				GCC_WARN_UNUSED_VARIABLE = YES;
				IPHONEOS_DEPLOYMENT_TARGET = 13.2;
				MTL_ENABLE_DEBUG_INFO = NO;
				MTL_FAST_MATH = YES;
				SDKROOT = iphoneos;
				SWIFT_COMPILATION_MODE = wholemodule;
				SWIFT_OPTIMIZATION_LEVEL = "-O";
				VALIDATE_PRODUCT = YES;
			};
			name = Release;
		};
		3C0B09492454339700DC8BD4 /* Debug */ = {
			isa = XCBuildConfiguration;
			baseConfigurationReference = 0AB46EFFFE08B98602F92151 /* Pods-PixaBayApp.debug.xcconfig */;
			buildSettings = {
				ASSETCATALOG_COMPILER_APPICON_NAME = AppIcon;
				CODE_SIGN_STYLE = Automatic;
				INFOPLIST_FILE = PixaBayApp/Info.plist;
				LD_RUNPATH_SEARCH_PATHS = (
					"$(inherited)",
					"@executable_path/Frameworks",
				);
				PRODUCT_BUNDLE_IDENTIFIER = co.PixaBayApp;
				PRODUCT_NAME = "$(TARGET_NAME)";
				SWIFT_VERSION = 5.0;
				TARGETED_DEVICE_FAMILY = "1,2";
			};
			name = Debug;
		};
		3C0B094A2454339700DC8BD4 /* Release */ = {
			isa = XCBuildConfiguration;
			baseConfigurationReference = 1EEAE18D538694223BB52A92 /* Pods-PixaBayApp.release.xcconfig */;
			buildSettings = {
				ASSETCATALOG_COMPILER_APPICON_NAME = AppIcon;
				CODE_SIGN_STYLE = Automatic;
				INFOPLIST_FILE = PixaBayApp/Info.plist;
				LD_RUNPATH_SEARCH_PATHS = (
					"$(inherited)",
					"@executable_path/Frameworks",
				);
				PRODUCT_BUNDLE_IDENTIFIER = co.PixaBayApp;
				PRODUCT_NAME = "$(TARGET_NAME)";
				SWIFT_VERSION = 5.0;
				TARGETED_DEVICE_FAMILY = "1,2";
			};
			name = Release;
		};
		3C0B094C2454339700DC8BD4 /* Debug */ = {
			isa = XCBuildConfiguration;
			baseConfigurationReference = A2971294568B9207D20C54E8 /* Pods-PixaBayAppTests.debug.xcconfig */;
			buildSettings = {
				ALWAYS_EMBED_SWIFT_STANDARD_LIBRARIES = YES;
				BUNDLE_LOADER = "$(TEST_HOST)";
				CODE_SIGN_STYLE = Automatic;
				INFOPLIST_FILE = PixaBayAppTests/Info.plist;
				IPHONEOS_DEPLOYMENT_TARGET = 13.2;
				LD_RUNPATH_SEARCH_PATHS = (
					"$(inherited)",
					"@executable_path/Frameworks",
					"@loader_path/Frameworks",
				);
				PRODUCT_BUNDLE_IDENTIFIER = co.PixaBayAppTests;
				PRODUCT_NAME = "$(TARGET_NAME)";
				SWIFT_VERSION = 5.0;
				TARGETED_DEVICE_FAMILY = "1,2";
				TEST_HOST = "$(BUILT_PRODUCTS_DIR)/PixaBayApp.app/PixaBayApp";
			};
			name = Debug;
		};
		3C0B094D2454339700DC8BD4 /* Release */ = {
			isa = XCBuildConfiguration;
			baseConfigurationReference = 218100BECE844D0936EA5275 /* Pods-PixaBayAppTests.release.xcconfig */;
			buildSettings = {
				ALWAYS_EMBED_SWIFT_STANDARD_LIBRARIES = YES;
				BUNDLE_LOADER = "$(TEST_HOST)";
				CODE_SIGN_STYLE = Automatic;
				INFOPLIST_FILE = PixaBayAppTests/Info.plist;
				IPHONEOS_DEPLOYMENT_TARGET = 13.2;
				LD_RUNPATH_SEARCH_PATHS = (
					"$(inherited)",
					"@executable_path/Frameworks",
					"@loader_path/Frameworks",
				);
				PRODUCT_BUNDLE_IDENTIFIER = co.PixaBayAppTests;
				PRODUCT_NAME = "$(TARGET_NAME)";
				SWIFT_VERSION = 5.0;
				TARGETED_DEVICE_FAMILY = "1,2";
				TEST_HOST = "$(BUILT_PRODUCTS_DIR)/PixaBayApp.app/PixaBayApp";
			};
			name = Release;
		};
/* End XCBuildConfiguration section */

/* Begin XCConfigurationList section */
		3C0B09242454339600DC8BD4 /* Build configuration list for PBXProject "PixaBayApp" */ = {
			isa = XCConfigurationList;
			buildConfigurations = (
				3C0B09462454339700DC8BD4 /* Debug */,
				3C0B09472454339700DC8BD4 /* Release */,
			);
			defaultConfigurationIsVisible = 0;
			defaultConfigurationName = Release;
		};
		3C0B09482454339700DC8BD4 /* Build configuration list for PBXNativeTarget "PixaBayApp" */ = {
			isa = XCConfigurationList;
			buildConfigurations = (
				3C0B09492454339700DC8BD4 /* Debug */,
				3C0B094A2454339700DC8BD4 /* Release */,
			);
			defaultConfigurationIsVisible = 0;
			defaultConfigurationName = Release;
		};
		3C0B094B2454339700DC8BD4 /* Build configuration list for PBXNativeTarget "PixaBayAppTests" */ = {
			isa = XCConfigurationList;
			buildConfigurations = (
				3C0B094C2454339700DC8BD4 /* Debug */,
				3C0B094D2454339700DC8BD4 /* Release */,
			);
			defaultConfigurationIsVisible = 0;
			defaultConfigurationName = Release;
		};
/* End XCConfigurationList section */
	};
	rootObject = 3C0B09212454339600DC8BD4 /* Project object */;
}
